
Microsoft Visual Studio Solution File, Format Version 12.00
# Visual Studio Version 16
VisualStudioVersion = 16.0.31205.134
MinimumVisualStudioVersion = 10.0.40219.1
Project("{FAE04EC0-301F-11D3-BF4B-00C04F79EFBC}") = "LabOCWithNameMutex", "LabOCWithNameMutex\LabOCWithNameMutex.csproj", "{EF548F9C-706E-42CE-9B2A-A17D7FBBE217}"
EndProject
Project("{FAE04EC0-301F-11D3-BF4B-00C04F79EFBC}") = "MutexName", "MutexName\MutexName.csproj", "{CDC4813C-DC41-4205-9573-32DBFF32EB5D}"
EndProject
Global
	GlobalSection(SolutionConfigurationPlatforms) = preSolution
		Debug|Any CPU = Debug|Any CPU
		Release|Any CPU = Release|Any CPU
	EndGlobalSection
	GlobalSection(ProjectConfigurationPlatforms) = postSolution
		{EF548F9C-706E-42CE-9B2A-A17D7FBBE217}.Debug|Any CPU.ActiveCfg = Debug|Any CPU
		{EF548F9C-706E-42CE-9B2A-A17D7FBBE217}.Debug|Any CPU.Build.0 = Debug|Any CPU
		{EF548F9C-706E-42CE-9B2A-A17D7FBBE217}.Release|Any CPU.ActiveCfg = Release|Any CPU
		{EF548F9C-706E-42CE-9B2A-A17D7FBBE217}.Release|Any CPU.Build.0 = Release|Any CPU
		{CDC4813C-DC41-4205-9573-32DBFF32EB5D}.Debug|Any CPU.ActiveCfg = Debug|Any CPU
		{CDC4813C-DC41-4205-9573-32DBFF32EB5D}.Debug|Any CPU.Build.0 = Debug|Any CPU
		{CDC4813C-DC41-4205-9573-32DBFF32EB5D}.Release|Any CPU.ActiveCfg = Release|Any CPU
		{CDC4813C-DC41-4205-9573-32DBFF32EB5D}.Release|Any CPU.Build.0 = Release|Any CPU
	EndGlobalSection
	GlobalSection(SolutionProperties) = preSolution
		HideSolutionNode = FALSE
	EndGlobalSection
	GlobalSection(ExtensibilityGlobals) = postSolution
		SolutionGuid = {2C08AB3C-D97C-4216-A766-88604B80BD0D}
	EndGlobalSection
EndGlobal
